
Microsoft Visual Studio Solution File, Format Version 12.00
# Visual Studio Version 17
VisualStudioVersion = 17.2.32516.85
MinimumVisualStudioVersion = 10.0.40219.1
Project("{FAE04EC0-301F-11D3-BF4B-00C04F79EFBC}") = "AppCapture", "AppCapture\AppCapture.csproj", "{593DFAAC-12B8-4D46-A4E6-25D6FA343738}"
EndProject
Global
	GlobalSection(SolutionConfigurationPlatforms) = preSolution
		Debug|Any CPU = Debug|Any CPU
		Release|Any CPU = Release|Any CPU
	EndGlobalSection
	GlobalSection(ProjectConfigurationPlatforms) = postSolution
		{593DFAAC-12B8-4D46-A4E6-25D6FA343738}.Debug|Any CPU.ActiveCfg = Debug|Any CPU
		{593DFAAC-12B8-4D46-A4E6-25D6FA343738}.Debug|Any CPU.Build.0 = Debug|Any CPU
		{593DFAAC-12B8-4D46-A4E6-25D6FA343738}.Release|Any CPU.ActiveCfg = Release|Any CPU
		{593DFAAC-12B8-4D46-A4E6-25D6FA343738}.Release|Any CPU.Build.0 = Release|Any CPU
	EndGlobalSection
	GlobalSection(SolutionProperties) = preSolution
		HideSolutionNode = FALSE
	EndGlobalSection
	GlobalSection(ExtensibilityGlobals) = postSolution
		SolutionGuid = {F7EE8DF0-8EF2-43DF-921F-503B53B7A54F}
	EndGlobalSection
EndGlobal
